
Microsoft Visual Studio Solution File, Format Version 12.00
# Visual Studio Version 17
VisualStudioVersion = 17.3.32819.101
MinimumVisualStudioVersion = 10.0.40219.1
Project("{FAE04EC0-301F-11D3-BF4B-00C04F79EFBC}") = "OpenStreetMapForBlazor", "OpenStreetMapForBlazor.csproj", "{D5A8FC16-6F58-494B-82B4-0FF27AE3CA21}"
EndProject
Global
	GlobalSection(SolutionConfigurationPlatforms) = preSolution
		Debug|Any CPU = Debug|Any CPU
		Release|Any CPU = Release|Any CPU
	EndGlobalSection
	GlobalSection(ProjectConfigurationPlatforms) = postSolution
		{D5A8FC16-6F58-494B-82B4-0FF27AE3CA21}.Debug|Any CPU.ActiveCfg = Debug|Any CPU
		{D5A8FC16-6F58-494B-82B4-0FF27AE3CA21}.Debug|Any CPU.Build.0 = Debug|Any CPU
		{D5A8FC16-6F58-494B-82B4-0FF27AE3CA21}.Release|Any CPU.ActiveCfg = Release|Any CPU
		{D5A8FC16-6F58-494B-82B4-0FF27AE3CA21}.Release|Any CPU.Build.0 = Release|Any CPU
	EndGlobalSection
	GlobalSection(SolutionProperties) = preSolution
		HideSolutionNode = FALSE
	EndGlobalSection
	GlobalSection(ExtensibilityGlobals) = postSolution
		SolutionGuid = {481A3574-9311-4939-A8A5-30D2EE602492}
	EndGlobalSection
EndGlobal
